
Microsoft Visual Studio Solution File, Format Version 12.00
# Visual Studio Version 17
VisualStudioVersion = 17.6.33723.286
MinimumVisualStudioVersion = 10.0.40219.1
Project("{FAE04EC0-301F-11D3-BF4B-00C04F79EFBC}") = "MASHKAPG", "MASHKAPG\MASHKAPG.csproj", "{CFFA0A08-E883-4670-9031-37B8D3736160}"
EndProject
Global
	GlobalSection(SolutionConfigurationPlatforms) = preSolution
		Debug|Any CPU = Debug|Any CPU
		Release|Any CPU = Release|Any CPU
	EndGlobalSection
	GlobalSection(ProjectConfigurationPlatforms) = postSolution
		{CFFA0A08-E883-4670-9031-37B8D3736160}.Debug|Any CPU.ActiveCfg = Debug|Any CPU
		{CFFA0A08-E883-4670-9031-37B8D3736160}.Debug|Any CPU.Build.0 = Debug|Any CPU
		{CFFA0A08-E883-4670-9031-37B8D3736160}.Release|Any CPU.ActiveCfg = Release|Any CPU
		{CFFA0A08-E883-4670-9031-37B8D3736160}.Release|Any CPU.Build.0 = Release|Any CPU
	EndGlobalSection
	GlobalSection(SolutionProperties) = preSolution
		HideSolutionNode = FALSE
	EndGlobalSection
	GlobalSection(ExtensibilityGlobals) = postSolution
		SolutionGuid = {91D4A009-781A-48AA-BA32-9AEC87D15143}
	EndGlobalSection
EndGlobal
